// !$*UTF8*$!
{
	archiveVersion = 1;
	classes = {
	};
	objectVersion = 56;
	objects = {

/* Begin PBXBuildFile section */
		A1000001233456780000001 /* SP500IndexApp.swift in Sources */ = {isa = PBXBuildFile; fileRef = A1000001233456780000011 /* SP500IndexApp.swift */; };
		A1000001233456780000002 /* ContentView.swift in Sources */ = {isa = PBXBuildFile; fileRef = A1000001233456780000012 /* ContentView.swift */; };
		A1000001233456780000003 /* Assets.xcassets in Resources */ = {isa = PBXBuildFile; fileRef = A1000001233456780000013 /* Assets.xcassets */; };
		A1000001233456780000004 /* StockQuote.swift in Sources */ = {isa = PBXBuildFile; fileRef = A1000001233456780000014 /* StockQuote.swift */; };
		A1000001233456780000005 /* HistoricalData.swift in Sources */ = {isa = PBXBuildFile; fileRef = A1000001233456780000015 /* HistoricalData.swift */; };
		A1000001233456780000006 /* TimeRange.swift in Sources */ = {isa = PBXBuildFile; fileRef = A1000001233456780000016 /* TimeRange.swift */; };
		A1000001233456780000007 /* StockViewModel.swift in Sources */ = {isa = PBXBuildFile; fileRef = A1000001233456780000017 /* StockViewModel.swift */; };
		A1000001233456780000008 /* StockDataService.swift in Sources */ = {isa = PBXBuildFile; fileRef = A1000001233456780000018 /* StockDataService.swift */; };
		A1000001233456780000009 /* RefreshManager.swift in Sources */ = {isa = PBXBuildFile; fileRef = A1000001233456780000019 /* RefreshManager.swift */; };
		A100000123345678000000A /* QuoteHeaderView.swift in Sources */ = {isa = PBXBuildFile; fileRef = A100000123345678000001A /* QuoteHeaderView.swift */; };
		A100000123345678000000B /* ChartView.swift in Sources */ = {isa = PBXBuildFile; fileRef = A100000123345678000001B /* ChartView.swift */; };
		A100000123345678000000C /* TimeRangeSelectorView.swift in Sources */ = {isa = PBXBuildFile; fileRef = A100000123345678000001C /* TimeRangeSelectorView.swift */; };
		A100000123345678000000D /* SettingsView.swift in Sources */ = {isa = PBXBuildFile; fileRef = A100000123345678000001D /* SettingsView.swift */; };
		A100000123345678000000E /* NumberFormatters.swift in Sources */ = {isa = PBXBuildFile; fileRef = A100000123345678000001E /* NumberFormatters.swift */; };
		A100000123345678000000F /* DateFormatters.swift in Sources */ = {isa = PBXBuildFile; fileRef = A100000123345678000001F /* DateFormatters.swift */; };
		A1000001233456780000010 /* StatsGridView.swift in Sources */ = {isa = PBXBuildFile; fileRef = A1000001233456780000022 /* StatsGridView.swift */; };
		A1000001233456780000023 /* SharedStorage.swift in Sources */ = {isa = PBXBuildFile; fileRef = A1000001233456780000024 /* SharedStorage.swift */; };
		A46B72C82F2E9B840045A5CC /* PlatformSupport.swift in Sources */ = {isa = PBXBuildFile; fileRef = A46B72C62F2E9B840045A5CC /* PlatformSupport.swift */; };
		A47EF2C82F27150A005355ED /* WidgetKit.framework in Frameworks */ = {isa = PBXBuildFile; fileRef = A47EF2C72F271509005355ED /* WidgetKit.framework */; };
		A47EF2CA2F27150A005355ED /* SwiftUI.framework in Frameworks */ = {isa = PBXBuildFile; fileRef = A47EF2C92F27150A005355ED /* SwiftUI.framework */; };
		A47EF2D72F27150B005355ED /* SP500WidgetExtension.appex in Embed Foundation Extensions */ = {isa = PBXBuildFile; fileRef = A47EF2C52F271509005355ED /* SP500WidgetExtension.appex */; settings = {ATTRIBUTES = (RemoveHeadersOnCopy, ); }; };
		B1000001000000000000001 /* SP500Widget.swift in Sources */ = {isa = PBXBuildFile; fileRef = B1000001000000000000011 /* SP500Widget.swift */; };
		B1000001000000000000002 /* StockEntry.swift in Sources */ = {isa = PBXBuildFile; fileRef = B1000001000000000000012 /* StockEntry.swift */; };
		B1000001000000000000003 /* TimelineProvider.swift in Sources */ = {isa = PBXBuildFile; fileRef = B1000001000000000000013 /* TimelineProvider.swift */; };
		B1000001000000000000004 /* WidgetViews.swift in Sources */ = {isa = PBXBuildFile; fileRef = B1000001000000000000014 /* WidgetViews.swift */; };
		B1000001000000000000005 /* Colors.swift in Sources */ = {isa = PBXBuildFile; fileRef = B1000001000000000000015 /* Colors.swift */; };
		B1000001000000000000006 /* StockQuote.swift in Sources */ = {isa = PBXBuildFile; fileRef = A1000001233456780000014 /* StockQuote.swift */; };
		B1000001000000000000007 /* HistoricalData.swift in Sources */ = {isa = PBXBuildFile; fileRef = A1000001233456780000015 /* HistoricalData.swift */; };
		B1000001000000000000008 /* TimeRange.swift in Sources */ = {isa = PBXBuildFile; fileRef = A1000001233456780000016 /* TimeRange.swift */; };
		B1000001000000000000009 /* StockDataService.swift in Sources */ = {isa = PBXBuildFile; fileRef = A1000001233456780000018 /* StockDataService.swift */; };
		B100000100000000000000A /* SharedStorage.swift in Sources */ = {isa = PBXBuildFile; fileRef = A1000001233456780000024 /* SharedStorage.swift */; };
		B100000100000000000000B /* NumberFormatters.swift in Sources */ = {isa = PBXBuildFile; fileRef = A100000123345678000001E /* NumberFormatters.swift */; };
		B100000100000000000000C /* DateFormatters.swift in Sources */ = {isa = PBXBuildFile; fileRef = A100000123345678000001F /* DateFormatters.swift */; };
		C1000001233456780000001 /* NewsArticle.swift in Sources */ = {isa = PBXBuildFile; fileRef = C1000001233456780000011 /* NewsArticle.swift */; };
		C1000001233456780000002 /* NewsArticle.swift in Sources */ = {isa = PBXBuildFile; fileRef = C1000001233456780000011 /* NewsArticle.swift */; };
		C1000001233456780000003 /* NewsFeedView.swift in Sources */ = {isa = PBXBuildFile; fileRef = C1000001233456780000012 /* NewsFeedView.swift */; };
		D1000001000000000000001 /* MarketCategory.swift in Sources */ = {isa = PBXBuildFile; fileRef = D1000001000000000000011 /* MarketCategory.swift */; };
		D1000001000000000000002 /* MarketIndicesBarView.swift in Sources */ = {isa = PBXBuildFile; fileRef = D1000001000000000000012 /* MarketIndicesBarView.swift */; };
		E1000001233456780000002 /* SP500IndexUpdates in Frameworks */ = {isa = PBXBuildFile; productRef = E1000001233456780000021 /* SP500IndexUpdates */; };
/* End PBXBuildFile section */

/* Begin PBXContainerItemProxy section */
		A47EF2D52F27150B005355ED /* PBXContainerItemProxy */ = {
			isa = PBXContainerItemProxy;
			containerPortal = A1000001233456780000060 /* Project object */;
			proxyType = 1;
			remoteGlobalIDString = A47EF2C42F271509005355ED;
			remoteInfo = SP500WidgetExtension;
		};
/* End PBXContainerItemProxy section */

/* Begin PBXCopyFilesBuildPhase section */
		A47EF2DC2F27150B005355ED /* Embed Foundation Extensions */ = {
			isa = PBXCopyFilesBuildPhase;
			buildActionMask = 2147483647;
			dstPath = "";
			dstSubfolderSpec = 13;
			files = (
				A47EF2D72F27150B005355ED /* SP500WidgetExtension.appex in Embed Foundation Extensions */,
			);
			name = "Embed Foundation Extensions";
			runOnlyForDeploymentPostprocessing = 0;
		};
/* End PBXCopyFilesBuildPhase section */

/* Begin PBXFileReference section */
		A1000001233456780000011 /* SP500IndexApp.swift */ = {isa = PBXFileReference; lastKnownFileType = sourcecode.swift; path = SP500IndexApp.swift; sourceTree = "<group>"; };
		A1000001233456780000012 /* ContentView.swift */ = {isa = PBXFileReference; lastKnownFileType = sourcecode.swift; path = ContentView.swift; sourceTree = "<group>"; };
		A1000001233456780000013 /* Assets.xcassets */ = {isa = PBXFileReference; lastKnownFileType = folder.assetcatalog; path = Assets.xcassets; sourceTree = "<group>"; };
		A1000001233456780000014 /* StockQuote.swift */ = {isa = PBXFileReference; lastKnownFileType = sourcecode.swift; path = StockQuote.swift; sourceTree = "<group>"; };
		A1000001233456780000015 /* HistoricalData.swift */ = {isa = PBXFileReference; lastKnownFileType = sourcecode.swift; path = HistoricalData.swift; sourceTree = "<group>"; };
		A1000001233456780000016 /* TimeRange.swift */ = {isa = PBXFileReference; lastKnownFileType = sourcecode.swift; path = TimeRange.swift; sourceTree = "<group>"; };
		A1000001233456780000017 /* StockViewModel.swift */ = {isa = PBXFileReference; lastKnownFileType = sourcecode.swift; path = StockViewModel.swift; sourceTree = "<group>"; };
		A1000001233456780000018 /* StockDataService.swift */ = {isa = PBXFileReference; lastKnownFileType = sourcecode.swift; path = StockDataService.swift; sourceTree = "<group>"; };
		A1000001233456780000019 /* RefreshManager.swift */ = {isa = PBXFileReference; lastKnownFileType = sourcecode.swift; path = RefreshManager.swift; sourceTree = "<group>"; };
		A100000123345678000001A /* QuoteHeaderView.swift */ = {isa = PBXFileReference; lastKnownFileType = sourcecode.swift; path = QuoteHeaderView.swift; sourceTree = "<group>"; };
		A100000123345678000001B /* ChartView.swift */ = {isa = PBXFileReference; lastKnownFileType = sourcecode.swift; path = ChartView.swift; sourceTree = "<group>"; };
		A100000123345678000001C /* TimeRangeSelectorView.swift */ = {isa = PBXFileReference; lastKnownFileType = sourcecode.swift; path = TimeRangeSelectorView.swift; sourceTree = "<group>"; };
		A100000123345678000001D /* SettingsView.swift */ = {isa = PBXFileReference; lastKnownFileType = sourcecode.swift; path = SettingsView.swift; sourceTree = "<group>"; };
		A100000123345678000001E /* NumberFormatters.swift */ = {isa = PBXFileReference; lastKnownFileType = sourcecode.swift; path = NumberFormatters.swift; sourceTree = "<group>"; };
		A100000123345678000001F /* DateFormatters.swift */ = {isa = PBXFileReference; lastKnownFileType = sourcecode.swift; path = DateFormatters.swift; sourceTree = "<group>"; };
		A1000001233456780000020 /* SP500Index.app */ = {isa = PBXFileReference; explicitFileType = wrapper.application; includeInIndex = 0; path = SP500Index.app; sourceTree = BUILT_PRODUCTS_DIR; };
		A1000001233456780000021 /* SP500Index.entitlements */ = {isa = PBXFileReference; lastKnownFileType = text.plist.entitlements; path = SP500Index.entitlements; sourceTree = "<group>"; };
		A1000001233456780000022 /* StatsGridView.swift */ = {isa = PBXFileReference; lastKnownFileType = sourcecode.swift; path = StatsGridView.swift; sourceTree = "<group>"; };
		A1000001233456780000024 /* SharedStorage.swift */ = {isa = PBXFileReference; lastKnownFileType = sourcecode.swift; path = SharedStorage.swift; sourceTree = "<group>"; };
		A46B72C62F2E9B840045A5CC /* PlatformSupport.swift */ = {isa = PBXFileReference; lastKnownFileType = sourcecode.swift; path = PlatformSupport.swift; sourceTree = "<group>"; };
		A46B72C92F2E9C430045A5CC /* SP500Index-iOS.entitlements */ = {isa = PBXFileReference; lastKnownFileType = text.plist.entitlements; path = "SP500Index-iOS.entitlements"; sourceTree = "<group>"; };
		A46B72CA2F2E9C670045A5CC /* SP500Widget-iOS.entitlements */ = {isa = PBXFileReference; lastKnownFileType = text.plist.entitlements; path = "SP500Widget-iOS.entitlements"; sourceTree = "<group>"; };
		A47EF2C52F271509005355ED /* SP500WidgetExtension.appex */ = {isa = PBXFileReference; explicitFileType = "wrapper.app-extension"; includeInIndex = 0; path = SP500WidgetExtension.appex; sourceTree = BUILT_PRODUCTS_DIR; };
		A47EF2C72F271509005355ED /* WidgetKit.framework */ = {isa = PBXFileReference; lastKnownFileType = wrapper.framework; name = WidgetKit.framework; path = System/Library/Frameworks/WidgetKit.framework; sourceTree = SDKROOT; };
		A47EF2C92F27150A005355ED /* SwiftUI.framework */ = {isa = PBXFileReference; lastKnownFileType = wrapper.framework; name = SwiftUI.framework; path = System/Library/Frameworks/SwiftUI.framework; sourceTree = SDKROOT; };
		B1000001000000000000011 /* SP500Widget.swift */ = {isa = PBXFileReference; lastKnownFileType = sourcecode.swift; path = SP500Widget.swift; sourceTree = "<group>"; };
		B1000001000000000000012 /* StockEntry.swift */ = {isa = PBXFileReference; lastKnownFileType = sourcecode.swift; path = StockEntry.swift; sourceTree = "<group>"; };
		B1000001000000000000013 /* TimelineProvider.swift */ = {isa = PBXFileReference; lastKnownFileType = sourcecode.swift; path = TimelineProvider.swift; sourceTree = "<group>"; };
		B1000001000000000000014 /* WidgetViews.swift */ = {isa = PBXFileReference; lastKnownFileType = sourcecode.swift; path = WidgetViews.swift; sourceTree = "<group>"; };
		B1000001000000000000015 /* Colors.swift */ = {isa = PBXFileReference; lastKnownFileType = sourcecode.swift; path = Colors.swift; sourceTree = "<group>"; };
		B1000001000000000000016 /* Info.plist */ = {isa = PBXFileReference; lastKnownFileType = text.plist.xml; path = Info.plist; sourceTree = "<group>"; };
		B1000001000000000000017 /* SP500Widget.entitlements */ = {isa = PBXFileReference; lastKnownFileType = text.plist.entitlements; path = SP500Widget.entitlements; sourceTree = "<group>"; };
		C1000001233456780000011 /* NewsArticle.swift */ = {isa = PBXFileReference; lastKnownFileType = sourcecode.swift; path = NewsArticle.swift; sourceTree = "<group>"; };
		C1000001233456780000012 /* NewsFeedView.swift */ = {isa = PBXFileReference; lastKnownFileType = sourcecode.swift; path = NewsFeedView.swift; sourceTree = "<group>"; };
		D1000001000000000000011 /* MarketCategory.swift */ = {isa = PBXFileReference; lastKnownFileType = sourcecode.swift; path = MarketCategory.swift; sourceTree = "<group>"; };
		D1000001000000000000012 /* MarketIndicesBarView.swift */ = {isa = PBXFileReference; lastKnownFileType = sourcecode.swift; path = MarketIndicesBarView.swift; sourceTree = "<group>"; };
/* End PBXFileReference section */

/* Begin PBXFrameworksBuildPhase section */
		A100000123345678000002A /* Frameworks */ = {
			isa = PBXFrameworksBuildPhase;
			buildActionMask = 2147483647;
			files = (
				E1000001233456780000002 /* SP500IndexUpdates in Frameworks */,
			);
			runOnlyForDeploymentPostprocessing = 0;
		};
		A47EF2C22F271509005355ED /* Frameworks */ = {
			isa = PBXFrameworksBuildPhase;
			buildActionMask = 2147483647;
			files = (
				A47EF2CA2F27150A005355ED /* SwiftUI.framework in Frameworks */,
				A47EF2C82F27150A005355ED /* WidgetKit.framework in Frameworks */,
			);
			runOnlyForDeploymentPostprocessing = 0;
		};
/* End PBXFrameworksBuildPhase section */

/* Begin PBXGroup section */
		A1000001233456780000030 = {
			isa = PBXGroup;
			children = (
				A1000001233456780000031 /* SP500Index */,
				B1000001000000000000020 /* SP500Widget */,
				A47EF2C62F271509005355ED /* Frameworks */,
				A1000001233456780000032 /* Products */,
			);
			sourceTree = "<group>";
		};
		A1000001233456780000031 /* SP500Index */ = {
			isa = PBXGroup;
			children = (
				A46B72C92F2E9C430045A5CC /* SP500Index-iOS.entitlements */,
				A1000001233456780000033 /* App */,
				A1000001233456780000034 /* Models */,
				A1000001233456780000035 /* ViewModels */,
				A1000001233456780000036 /* Views */,
				A1000001233456780000037 /* Services */,
				A1000001233456780000038 /* Utilities */,
				A1000001233456780000039 /* Resources */,
				A1000001233456780000021 /* SP500Index.entitlements */,
			);
			path = SP500Index;
			sourceTree = "<group>";
		};
		A1000001233456780000032 /* Products */ = {
			isa = PBXGroup;
			children = (
				A1000001233456780000020 /* SP500Index.app */,
				A47EF2C52F271509005355ED /* SP500WidgetExtension.appex */,
			);
			name = Products;
			sourceTree = "<group>";
		};
		A1000001233456780000033 /* App */ = {
			isa = PBXGroup;
			children = (
				A1000001233456780000011 /* SP500IndexApp.swift */,
			);
			path = App;
			sourceTree = "<group>";
		};
		A1000001233456780000034 /* Models */ = {
			isa = PBXGroup;
			children = (
				A1000001233456780000014 /* StockQuote.swift */,
				A1000001233456780000015 /* HistoricalData.swift */,
				A1000001233456780000016 /* TimeRange.swift */,
				C1000001233456780000011 /* NewsArticle.swift */,
				D1000001000000000000011 /* MarketCategory.swift */,
			);
			path = Models;
			sourceTree = "<group>";
		};
		A1000001233456780000035 /* ViewModels */ = {
			isa = PBXGroup;
			children = (
				A1000001233456780000017 /* StockViewModel.swift */,
			);
			path = ViewModels;
			sourceTree = "<group>";
		};
		A1000001233456780000036 /* Views */ = {
			isa = PBXGroup;
			children = (
				A1000001233456780000012 /* ContentView.swift */,
				A100000123345678000001A /* QuoteHeaderView.swift */,
				A100000123345678000001B /* ChartView.swift */,
				A100000123345678000001C /* TimeRangeSelectorView.swift */,
				A100000123345678000001D /* SettingsView.swift */,
				A1000001233456780000022 /* StatsGridView.swift */,
				C1000001233456780000012 /* NewsFeedView.swift */,
				D1000001000000000000012 /* MarketIndicesBarView.swift */,
			);
			path = Views;
			sourceTree = "<group>";
		};
		A1000001233456780000037 /* Services */ = {
			isa = PBXGroup;
			children = (
				A1000001233456780000018 /* StockDataService.swift */,
				A1000001233456780000019 /* RefreshManager.swift */,
			);
			path = Services;
			sourceTree = "<group>";
		};
		A1000001233456780000038 /* Utilities */ = {
			isa = PBXGroup;
			children = (
				A46B72C62F2E9B840045A5CC /* PlatformSupport.swift */,
				A100000123345678000001E /* NumberFormatters.swift */,
				A100000123345678000001F /* DateFormatters.swift */,
				A1000001233456780000024 /* SharedStorage.swift */,
			);
			path = Utilities;
			sourceTree = "<group>";
		};
		A1000001233456780000039 /* Resources */ = {
			isa = PBXGroup;
			children = (
				A1000001233456780000013 /* Assets.xcassets */,
			);
			path = Resources;
			sourceTree = "<group>";
		};
		A47EF2C62F271509005355ED /* Frameworks */ = {
			isa = PBXGroup;
			children = (
				A47EF2C72F271509005355ED /* WidgetKit.framework */,
				A47EF2C92F27150A005355ED /* SwiftUI.framework */,
			);
			name = Frameworks;
			sourceTree = "<group>";
		};
		B1000001000000000000020 /* SP500Widget */ = {
			isa = PBXGroup;
			children = (
				A46B72CA2F2E9C670045A5CC /* SP500Widget-iOS.entitlements */,
				B1000001000000000000011 /* SP500Widget.swift */,
				B1000001000000000000012 /* StockEntry.swift */,
				B1000001000000000000013 /* TimelineProvider.swift */,
				B1000001000000000000014 /* WidgetViews.swift */,
				B1000001000000000000015 /* Colors.swift */,
				B1000001000000000000016 /* Info.plist */,
				B1000001000000000000017 /* SP500Widget.entitlements */,
			);
			path = SP500Widget;
			sourceTree = "<group>";
		};
/* End PBXGroup section */

/* Begin PBXNativeTarget section */
		A1000001233456780000040 /* SP500Index */ = {
			isa = PBXNativeTarget;
			buildConfigurationList = A1000001233456780000050 /* Build configuration list for PBXNativeTarget "SP500Index" */;
			buildPhases = (
				A1000001233456780000041 /* Sources */,
				A100000123345678000002A /* Frameworks */,
				A1000001233456780000042 /* Resources */,
				A47EF2DC2F27150B005355ED /* Embed Foundation Extensions */,
			);
			buildRules = (
			);
			dependencies = (
				A47EF2D62F27150B005355ED /* PBXTargetDependency */,
			);
			name = SP500Index;
			packageProductDependencies = (
				E1000001233456780000021 /* SP500IndexUpdates */,
			);
			productName = SP500Index;
			productReference = A1000001233456780000020 /* SP500Index.app */;
			productType = "com.apple.product-type.application";
		};
		A47EF2C42F271509005355ED /* SP500WidgetExtension */ = {
			isa = PBXNativeTarget;
			buildConfigurationList = A47EF2D92F27150B005355ED /* Build configuration list for PBXNativeTarget "SP500WidgetExtension" */;
			buildPhases = (
				A47EF2C12F271509005355ED /* Sources */,
				A47EF2C22F271509005355ED /* Frameworks */,
				A47EF2C32F271509005355ED /* Resources */,
			);
			buildRules = (
			);
			dependencies = (
			);
			name = SP500WidgetExtension;
			packageProductDependencies = (
			);
			productName = SP500WidgetExtension;
			productReference = A47EF2C52F271509005355ED /* SP500WidgetExtension.appex */;
			productType = "com.apple.product-type.app-extension";
		};
/* End PBXNativeTarget section */

/* Begin PBXProject section */
		A1000001233456780000060 /* Project object */ = {
			isa = PBXProject;
			attributes = {
				BuildIndependentTargetsInParallel = 1;
				LastSwiftUpdateCheck = 2620;
				LastUpgradeCheck = 1500;
				TargetAttributes = {
					A1000001233456780000040 = {
						CreatedOnToolsVersion = 15.0;
					};
					A47EF2C42F271509005355ED = {
						CreatedOnToolsVersion = 26.2;
					};
				};
			};
			buildConfigurationList = A1000001233456780000061 /* Build configuration list for PBXProject "SP500Index" */;
			compatibilityVersion = "Xcode 14.0";
			developmentRegion = en;
			hasScannedForEncodings = 0;
			knownRegions = (
				en,
				Base,
			);
			mainGroup = A1000001233456780000030;
			packageReferences = (
				E1000001233456780000031 /* XCLocalSwiftPackageReference "SP500IndexUpdates" */,
			);
			productRefGroup = A1000001233456780000032 /* Products */;
			projectDirPath = "";
			projectRoot = "";
			targets = (
				A1000001233456780000040 /* SP500Index */,
				A47EF2C42F271509005355ED /* SP500WidgetExtension */,
			);
		};
/* End PBXProject section */

/* Begin PBXResourcesBuildPhase section */
		A1000001233456780000042 /* Resources */ = {
			isa = PBXResourcesBuildPhase;
			buildActionMask = 2147483647;
			files = (
				A1000001233456780000003 /* Assets.xcassets in Resources */,
			);
			runOnlyForDeploymentPostprocessing = 0;
		};
		A47EF2C32F271509005355ED /* Resources */ = {
			isa = PBXResourcesBuildPhase;
			buildActionMask = 2147483647;
			files = (
			);
			runOnlyForDeploymentPostprocessing = 0;
		};
/* End PBXResourcesBuildPhase section */

/* Begin PBXSourcesBuildPhase section */
		A1000001233456780000041 /* Sources */ = {
			isa = PBXSourcesBuildPhase;
			buildActionMask = 2147483647;
			files = (
				A1000001233456780000001 /* SP500IndexApp.swift in Sources */,
				A1000001233456780000002 /* ContentView.swift in Sources */,
				A1000001233456780000004 /* StockQuote.swift in Sources */,
				A1000001233456780000005 /* HistoricalData.swift in Sources */,
				A1000001233456780000006 /* TimeRange.swift in Sources */,
				C1000001233456780000001 /* NewsArticle.swift in Sources */,
				A1000001233456780000007 /* StockViewModel.swift in Sources */,
				A1000001233456780000008 /* StockDataService.swift in Sources */,
				A1000001233456780000009 /* RefreshManager.swift in Sources */,
				A100000123345678000000A /* QuoteHeaderView.swift in Sources */,
				A100000123345678000000B /* ChartView.swift in Sources */,
				A100000123345678000000C /* TimeRangeSelectorView.swift in Sources */,
				A100000123345678000000D /* SettingsView.swift in Sources */,
				A100000123345678000000E /* NumberFormatters.swift in Sources */,
				A100000123345678000000F /* DateFormatters.swift in Sources */,
				A1000001233456780000010 /* StatsGridView.swift in Sources */,
				C1000001233456780000003 /* NewsFeedView.swift in Sources */,
				A1000001233456780000023 /* SharedStorage.swift in Sources */,
				A46B72C82F2E9B840045A5CC /* PlatformSupport.swift in Sources */,
				D1000001000000000000001 /* MarketCategory.swift in Sources */,
				D1000001000000000000002 /* MarketIndicesBarView.swift in Sources */,
			);
			runOnlyForDeploymentPostprocessing = 0;
		};
		A47EF2C12F271509005355ED /* Sources */ = {
			isa = PBXSourcesBuildPhase;
			buildActionMask = 2147483647;
			files = (
				B1000001000000000000001 /* SP500Widget.swift in Sources */,
				B1000001000000000000002 /* StockEntry.swift in Sources */,
				B1000001000000000000003 /* TimelineProvider.swift in Sources */,
				B1000001000000000000004 /* WidgetViews.swift in Sources */,
				B1000001000000000000005 /* Colors.swift in Sources */,
				B1000001000000000000006 /* StockQuote.swift in Sources */,
				B1000001000000000000007 /* HistoricalData.swift in Sources */,
				B1000001000000000000008 /* TimeRange.swift in Sources */,
				C1000001233456780000002 /* NewsArticle.swift in Sources */,
				B1000001000000000000009 /* StockDataService.swift in Sources */,
				B100000100000000000000A /* SharedStorage.swift in Sources */,
				B100000100000000000000B /* NumberFormatters.swift in Sources */,
				B100000100000000000000C /* DateFormatters.swift in Sources */,
			);
			runOnlyForDeploymentPostprocessing = 0;
		};
/* End PBXSourcesBuildPhase section */

/* Begin PBXTargetDependency section */
		A47EF2D62F27150B005355ED /* PBXTargetDependency */ = {
			isa = PBXTargetDependency;
			target = A47EF2C42F271509005355ED /* SP500WidgetExtension */;
			targetProxy = A47EF2D52F27150B005355ED /* PBXContainerItemProxy */;
		};
/* End PBXTargetDependency section */

/* Begin XCBuildConfiguration section */
		A1000001233456780000070 /* Debug */ = {
			isa = XCBuildConfiguration;
			buildSettings = {
				ALWAYS_SEARCH_USER_PATHS = NO;
				ASSETCATALOG_COMPILER_GENERATE_SWIFT_ASSET_SYMBOL_EXTENSIONS = YES;
				CLANG_ANALYZER_NONNULL = YES;
				CLANG_ANALYZER_NUMBER_OBJECT_CONVERSION = YES_AGGRESSIVE;
				CLANG_CXX_LANGUAGE_STANDARD = "gnu++20";
				CLANG_ENABLE_MODULES = YES;
				CLANG_ENABLE_OBJC_ARC = YES;
				CLANG_ENABLE_OBJC_WEAK = YES;
				CLANG_WARN_BLOCK_CAPTURE_AUTORELEASING = YES;
				CLANG_WARN_BOOL_CONVERSION = YES;
				CLANG_WARN_COMMA = YES;
				CLANG_WARN_CONSTANT_CONVERSION = YES;
				CLANG_WARN_DEPRECATED_OBJC_IMPLEMENTATIONS = YES;
				CLANG_WARN_DIRECT_OBJC_ISA_USAGE = YES_ERROR;
				CLANG_WARN_DOCUMENTATION_COMMENTS = YES;
				CLANG_WARN_EMPTY_BODY = YES;
				CLANG_WARN_ENUM_CONVERSION = YES;
				CLANG_WARN_INFINITE_RECURSION = YES;
				CLANG_WARN_INT_CONVERSION = YES;
				CLANG_WARN_NON_LITERAL_NULL_CONVERSION = YES;
				CLANG_WARN_OBJC_IMPLICIT_RETAIN_SELF = YES;
				CLANG_WARN_OBJC_LITERAL_CONVERSION = YES;
				CLANG_WARN_OBJC_ROOT_CLASS = YES_ERROR;
				CLANG_WARN_QUOTED_INCLUDE_IN_FRAMEWORK_HEADER = YES;
				CLANG_WARN_RANGE_LOOP_ANALYSIS = YES;
				CLANG_WARN_STRICT_PROTOTYPES = YES;
				CLANG_WARN_SUSPICIOUS_MOVE = YES;
				CLANG_WARN_UNGUARDED_AVAILABILITY = YES_AGGRESSIVE;
				CLANG_WARN_UNREACHABLE_CODE = YES;
				CLANG_WARN__DUPLICATE_METHOD_MATCH = YES;
				COPY_PHASE_STRIP = NO;
				DEBUG_INFORMATION_FORMAT = dwarf;
				ENABLE_STRICT_OBJC_MSGSEND = YES;
				ENABLE_TESTABILITY = YES;
				ENABLE_USER_SCRIPT_SANDBOXING = YES;
				GCC_C_LANGUAGE_STANDARD = gnu17;
				GCC_DYNAMIC_NO_PIC = NO;
				GCC_NO_COMMON_BLOCKS = YES;
				GCC_OPTIMIZATION_LEVEL = 0;
				GCC_PREPROCESSOR_DEFINITIONS = (
					"DEBUG=1",
					"$(inherited)",
				);
				GCC_WARN_64_TO_32_BIT_CONVERSION = YES;
				GCC_WARN_ABOUT_RETURN_TYPE = YES_ERROR;
				GCC_WARN_UNDECLARED_SELECTOR = YES;
				GCC_WARN_UNINITIALIZED_AUTOS = YES_AGGRESSIVE;
				GCC_WARN_UNUSED_FUNCTION = YES;
				GCC_WARN_UNUSED_VARIABLE = YES;
				LOCALIZATION_PREFERS_STRING_CATALOGS = YES;
				MACOSX_DEPLOYMENT_TARGET = 14.0;
				MTL_ENABLE_DEBUG_INFO = INCLUDE_SOURCE;
				MTL_FAST_MATH = YES;
				ONLY_ACTIVE_ARCH = YES;
				SDKROOT = macosx;
				SWIFT_ACTIVE_COMPILATION_CONDITIONS = "DEBUG $(inherited)";
				SWIFT_OPTIMIZATION_LEVEL = "-Onone";
			};
			name = Debug;
		};
		A1000001233456780000071 /* Release */ = {
			isa = XCBuildConfiguration;
			buildSettings = {
				ALWAYS_SEARCH_USER_PATHS = NO;
				ASSETCATALOG_COMPILER_GENERATE_SWIFT_ASSET_SYMBOL_EXTENSIONS = YES;
				CLANG_ANALYZER_NONNULL = YES;
				CLANG_ANALYZER_NUMBER_OBJECT_CONVERSION = YES_AGGRESSIVE;
				CLANG_CXX_LANGUAGE_STANDARD = "gnu++20";
				CLANG_ENABLE_MODULES = YES;
				CLANG_ENABLE_OBJC_ARC = YES;
				CLANG_ENABLE_OBJC_WEAK = YES;
				CLANG_WARN_BLOCK_CAPTURE_AUTORELEASING = YES;
				CLANG_WARN_BOOL_CONVERSION = YES;
				CLANG_WARN_COMMA = YES;
				CLANG_WARN_CONSTANT_CONVERSION = YES;
				CLANG_WARN_DEPRECATED_OBJC_IMPLEMENTATIONS = YES;
				CLANG_WARN_DIRECT_OBJC_ISA_USAGE = YES_ERROR;
				CLANG_WARN_DOCUMENTATION_COMMENTS = YES;
				CLANG_WARN_EMPTY_BODY = YES;
				CLANG_WARN_ENUM_CONVERSION = YES;
				CLANG_WARN_INFINITE_RECURSION = YES;
				CLANG_WARN_INT_CONVERSION = YES;
				CLANG_WARN_NON_LITERAL_NULL_CONVERSION = YES;
				CLANG_WARN_OBJC_IMPLICIT_RETAIN_SELF = YES;
				CLANG_WARN_OBJC_LITERAL_CONVERSION = YES;
				CLANG_WARN_OBJC_ROOT_CLASS = YES_ERROR;
				CLANG_WARN_QUOTED_INCLUDE_IN_FRAMEWORK_HEADER = YES;
				CLANG_WARN_RANGE_LOOP_ANALYSIS = YES;
				CLANG_WARN_STRICT_PROTOTYPES = YES;
				CLANG_WARN_SUSPICIOUS_MOVE = YES;
				CLANG_WARN_UNGUARDED_AVAILABILITY = YES_AGGRESSIVE;
				CLANG_WARN_UNREACHABLE_CODE = YES;
				CLANG_WARN__DUPLICATE_METHOD_MATCH = YES;
				COPY_PHASE_STRIP = NO;
				DEBUG_INFORMATION_FORMAT = "dwarf-with-dsym";
				ENABLE_NS_ASSERTIONS = NO;
				ENABLE_STRICT_OBJC_MSGSEND = YES;
				ENABLE_USER_SCRIPT_SANDBOXING = YES;
				GCC_C_LANGUAGE_STANDARD = gnu17;
				GCC_NO_COMMON_BLOCKS = YES;
				GCC_WARN_64_TO_32_BIT_CONVERSION = YES;
				GCC_WARN_ABOUT_RETURN_TYPE = YES_ERROR;
				GCC_WARN_UNDECLARED_SELECTOR = YES;
				GCC_WARN_UNINITIALIZED_AUTOS = YES_AGGRESSIVE;
				GCC_WARN_UNUSED_FUNCTION = YES;
				GCC_WARN_UNUSED_VARIABLE = YES;
				LOCALIZATION_PREFERS_STRING_CATALOGS = YES;
				MACOSX_DEPLOYMENT_TARGET = 14.0;
				MTL_ENABLE_DEBUG_INFO = NO;
				MTL_FAST_MATH = YES;
				SDKROOT = macosx;
				SWIFT_COMPILATION_MODE = wholemodule;
			};
			name = Release;
		};
		A1000001233456780000072 /* Debug */ = {
			isa = XCBuildConfiguration;
			buildSettings = {
				ASSETCATALOG_COMPILER_APPICON_NAME = AppIcon;
				ASSETCATALOG_COMPILER_GLOBAL_ACCENT_COLOR_NAME = AccentColor;
				"CODE_SIGN_ENTITLEMENTS[sdk=iphoneos*]" = SP500Index/SP500Index-iOS.entitlements;
				"CODE_SIGN_ENTITLEMENTS[sdk=iphonesimulator*]" = SP500Index/SP500Index-iOS.entitlements;
				"CODE_SIGN_ENTITLEMENTS[sdk=macosx*]" = SP500Index/SP500Index.entitlements;
				CODE_SIGN_STYLE = Automatic;
				COMBINE_HIDPI_IMAGES = YES;
				CURRENT_PROJECT_VERSION = 2;
				DEVELOPMENT_ASSET_PATHS = "";
				DEVELOPMENT_TEAM = DEZEJ325BW;
				ENABLE_HARDENED_RUNTIME = YES;
				ENABLE_PREVIEWS = YES;
				GENERATE_INFOPLIST_FILE = YES;
				INFOPLIST_KEY_CFBundleDisplayName = SP500Index;
				INFOPLIST_KEY_LSApplicationCategoryType = "public.app-category.finance";
				INFOPLIST_KEY_NSHumanReadableCopyright = "";
				"INFOPLIST_FILE[sdk=macosx*]" = SP500Index/Info-macOS.plist;
				INFOPLIST_KEY_UILaunchScreen_Generation = YES;
				INFOPLIST_KEY_UISupportedInterfaceOrientations = UIInterfaceOrientationPortrait;
				"INFOPLIST_KEY_UISupportedInterfaceOrientations~ipad" = "UIInterfaceOrientationPortrait UIInterfaceOrientationPortraitUpsideDown UIInterfaceOrientationLandscapeLeft UIInterfaceOrientationLandscapeRight";
				IPHONEOS_DEPLOYMENT_TARGET = 17.6;
				LD_RUNPATH_SEARCH_PATHS = (
					"$(inherited)",
					"@executable_path/../Frameworks",
				);
				MARKETING_VERSION = 1.0.0;
				PRODUCT_BUNDLE_IDENTIFIER = com.steveh.SP500Index;
				PRODUCT_NAME = "$(TARGET_NAME)";
				SPARKLE_FEED_URL = "https://raw.githubusercontent.com/slhernandez/SP500Index/main/appcast.xml";
				SPARKLE_PUBLIC_ED_KEY = "Vzk02a5RRsI4u7sI8Tjf8htYbZ1RVNa6ciOg5zxEzwk=";
				SUPPORTED_PLATFORMS = "iphoneos iphonesimulator macosx";
				SUPPORTS_MACCATALYST = NO;
				SWIFT_EMIT_LOC_STRINGS = YES;
				SWIFT_VERSION = 5.0;
				TARGETED_DEVICE_FAMILY = "1,2";
			};
			name = Debug;
		};
		A1000001233456780000073 /* Release */ = {
			isa = XCBuildConfiguration;
			buildSettings = {
				ASSETCATALOG_COMPILER_APPICON_NAME = AppIcon;
				ASSETCATALOG_COMPILER_GLOBAL_ACCENT_COLOR_NAME = AccentColor;
				"CODE_SIGN_ENTITLEMENTS[sdk=iphoneos*]" = SP500Index/SP500Index-iOS.entitlements;
				"CODE_SIGN_ENTITLEMENTS[sdk=iphonesimulator*]" = SP500Index/SP500Index-iOS.entitlements;
				"CODE_SIGN_ENTITLEMENTS[sdk=macosx*]" = SP500Index/SP500Index.entitlements;
				CODE_SIGN_STYLE = Automatic;
				COMBINE_HIDPI_IMAGES = YES;
				CURRENT_PROJECT_VERSION = 2;
				DEVELOPMENT_ASSET_PATHS = "";
				DEVELOPMENT_TEAM = DEZEJ325BW;
				ENABLE_HARDENED_RUNTIME = YES;
				ENABLE_PREVIEWS = YES;
				GENERATE_INFOPLIST_FILE = YES;
				INFOPLIST_KEY_CFBundleDisplayName = SP500Index;
				INFOPLIST_KEY_LSApplicationCategoryType = "public.app-category.finance";
				INFOPLIST_KEY_NSHumanReadableCopyright = "";
				"INFOPLIST_FILE[sdk=macosx*]" = SP500Index/Info-macOS.plist;
				INFOPLIST_KEY_UILaunchScreen_Generation = YES;
				INFOPLIST_KEY_UISupportedInterfaceOrientations = UIInterfaceOrientationPortrait;
				"INFOPLIST_KEY_UISupportedInterfaceOrientations~ipad" = "UIInterfaceOrientationPortrait UIInterfaceOrientationPortraitUpsideDown UIInterfaceOrientationLandscapeLeft UIInterfaceOrientationLandscapeRight";
				IPHONEOS_DEPLOYMENT_TARGET = 17.6;
				LD_RUNPATH_SEARCH_PATHS = (
					"$(inherited)",
					"@executable_path/../Frameworks",
				);
				MARKETING_VERSION = 1.0.0;
				PRODUCT_BUNDLE_IDENTIFIER = com.steveh.SP500Index;
				PRODUCT_NAME = "$(TARGET_NAME)";
				SPARKLE_FEED_URL = "https://raw.githubusercontent.com/slhernandez/SP500Index/main/appcast.xml";
				SPARKLE_PUBLIC_ED_KEY = "Vzk02a5RRsI4u7sI8Tjf8htYbZ1RVNa6ciOg5zxEzwk=";
				SUPPORTED_PLATFORMS = "iphoneos iphonesimulator macosx";
				SUPPORTS_MACCATALYST = NO;
				SWIFT_EMIT_LOC_STRINGS = YES;
				SWIFT_VERSION = 5.0;
				TARGETED_DEVICE_FAMILY = "1,2";
			};
			name = Release;
		};
		A47EF2DA2F27150B005355ED /* Debug */ = {
			isa = XCBuildConfiguration;
			buildSettings = {
				ASSETCATALOG_COMPILER_GLOBAL_ACCENT_COLOR_NAME = AccentColor;
				ASSETCATALOG_COMPILER_WIDGET_BACKGROUND_COLOR_NAME = WidgetBackground;
				"CODE_SIGN_ENTITLEMENTS[sdk=iphoneos*]" = SP500Widget/SP500Widget-iOS.entitlements;
				"CODE_SIGN_ENTITLEMENTS[sdk=iphonesimulator*]" = SP500Widget/SP500Widget-iOS.entitlements;
				"CODE_SIGN_ENTITLEMENTS[sdk=macosx*]" = SP500Widget/SP500Widget.entitlements;
				CODE_SIGN_STYLE = Automatic;
				CURRENT_PROJECT_VERSION = 2;
				DEVELOPMENT_TEAM = DEZEJ325BW;
				ENABLE_APP_SANDBOX = YES;
				ENABLE_HARDENED_RUNTIME = YES;
				GENERATE_INFOPLIST_FILE = YES;
				INFOPLIST_FILE = SP500Widget/Info.plist;
				INFOPLIST_KEY_CFBundleDisplayName = SP500Widget;
				INFOPLIST_KEY_NSHumanReadableCopyright = "";
				LD_RUNPATH_SEARCH_PATHS = (
					"$(inherited)",
					"@executable_path/../Frameworks",
					"@executable_path/../../../../Frameworks",
				);
				MACOSX_DEPLOYMENT_TARGET = 14.0;
				MARKETING_VERSION = 1.0.0;
				PRODUCT_BUNDLE_IDENTIFIER = com.steveh.SP500Index.SP500Widget;
				PRODUCT_NAME = "$(TARGET_NAME)";
				SKIP_INSTALL = YES;
				STRING_CATALOG_GENERATE_SYMBOLS = YES;
				SUPPORTED_PLATFORMS = "iphoneos iphonesimulator macosx";
				SUPPORTS_MACCATALYST = NO;
				SWIFT_ACTIVE_COMPILATION_CONDITIONS = "DEBUG WIDGET_EXTENSION $(inherited)";
				SWIFT_APPROACHABLE_CONCURRENCY = YES;
				SWIFT_EMIT_LOC_STRINGS = YES;
				SWIFT_UPCOMING_FEATURE_MEMBER_IMPORT_VISIBILITY = YES;
				SWIFT_VERSION = 5.0;
				IPHONEOS_DEPLOYMENT_TARGET = 17.6;
				TARGETED_DEVICE_FAMILY = "1,2";
			};
			name = Debug;
		};
		A47EF2DB2F27150B005355ED /* Release */ = {
			isa = XCBuildConfiguration;
			buildSettings = {
				ASSETCATALOG_COMPILER_GLOBAL_ACCENT_COLOR_NAME = AccentColor;
				ASSETCATALOG_COMPILER_WIDGET_BACKGROUND_COLOR_NAME = WidgetBackground;
				"CODE_SIGN_ENTITLEMENTS[sdk=iphoneos*]" = SP500Widget/SP500Widget-iOS.entitlements;
				"CODE_SIGN_ENTITLEMENTS[sdk=iphonesimulator*]" = SP500Widget/SP500Widget-iOS.entitlements;
				"CODE_SIGN_ENTITLEMENTS[sdk=macosx*]" = SP500Widget/SP500Widget.entitlements;
				CODE_SIGN_STYLE = Automatic;
				CURRENT_PROJECT_VERSION = 2;
				DEVELOPMENT_TEAM = DEZEJ325BW;
				ENABLE_APP_SANDBOX = YES;
				ENABLE_HARDENED_RUNTIME = YES;
				GENERATE_INFOPLIST_FILE = YES;
				INFOPLIST_FILE = SP500Widget/Info.plist;
				INFOPLIST_KEY_CFBundleDisplayName = SP500Widget;
				INFOPLIST_KEY_NSHumanReadableCopyright = "";
				LD_RUNPATH_SEARCH_PATHS = (
					"$(inherited)",
					"@executable_path/../Frameworks",
					"@executable_path/../../../../Frameworks",
				);
				MACOSX_DEPLOYMENT_TARGET = 14.0;
				MARKETING_VERSION = 1.0.0;
				PRODUCT_BUNDLE_IDENTIFIER = com.steveh.SP500Index.SP500Widget;
				PRODUCT_NAME = "$(TARGET_NAME)";
				SKIP_INSTALL = YES;
				STRING_CATALOG_GENERATE_SYMBOLS = YES;
				SUPPORTED_PLATFORMS = "iphoneos iphonesimulator macosx";
				SUPPORTS_MACCATALYST = NO;
				SWIFT_ACTIVE_COMPILATION_CONDITIONS = "WIDGET_EXTENSION $(inherited)";
				SWIFT_APPROACHABLE_CONCURRENCY = YES;
				SWIFT_EMIT_LOC_STRINGS = YES;
				SWIFT_UPCOMING_FEATURE_MEMBER_IMPORT_VISIBILITY = YES;
				SWIFT_VERSION = 5.0;
				IPHONEOS_DEPLOYMENT_TARGET = 17.6;
				TARGETED_DEVICE_FAMILY = "1,2";
			};
			name = Release;
		};
/* End XCBuildConfiguration section */

/* Begin XCConfigurationList section */
		A1000001233456780000050 /* Build configuration list for PBXNativeTarget "SP500Index" */ = {
			isa = XCConfigurationList;
			buildConfigurations = (
				A1000001233456780000072 /* Debug */,
				A1000001233456780000073 /* Release */,
			);
			defaultConfigurationIsVisible = 0;
			defaultConfigurationName = Release;
		};
		A1000001233456780000061 /* Build configuration list for PBXProject "SP500Index" */ = {
			isa = XCConfigurationList;
			buildConfigurations = (
				A1000001233456780000070 /* Debug */,
				A1000001233456780000071 /* Release */,
			);
			defaultConfigurationIsVisible = 0;
			defaultConfigurationName = Release;
		};
		A47EF2D92F27150B005355ED /* Build configuration list for PBXNativeTarget "SP500WidgetExtension" */ = {
			isa = XCConfigurationList;
			buildConfigurations = (
				A47EF2DA2F27150B005355ED /* Debug */,
				A47EF2DB2F27150B005355ED /* Release */,
			);
			defaultConfigurationIsVisible = 0;
			defaultConfigurationName = Release;
		};
/* End XCConfigurationList section */

/* Begin XCLocalSwiftPackageReference section */
		E1000001233456780000031 /* XCLocalSwiftPackageReference "SP500IndexUpdates" */ = {
			isa = XCLocalSwiftPackageReference;
			relativePath = Packages/SP500IndexUpdates;
		};
/* End XCLocalSwiftPackageReference section */

/* Begin XCSwiftPackageProductDependency section */
		E1000001233456780000021 /* SP500IndexUpdates */ = {
			isa = XCSwiftPackageProductDependency;
			package = E1000001233456780000031 /* XCLocalSwiftPackageReference "SP500IndexUpdates" */;
			productName = SP500IndexUpdates;
		};
/* End XCSwiftPackageProductDependency section */
	};
	rootObject = A1000001233456780000060 /* Project object */;
}
